
Microsoft Visual Studio Solution File, Format Version 12.00
# Visual Studio Version 17
VisualStudioVersion = 17.4.33122.133
MinimumVisualStudioVersion = 10.0.40219.1
Project("{FAE04EC0-301F-11D3-BF4B-00C04F79EFBC}") = "BigPrinter", "BigPrinter\BigPrinter.csproj", "{843C3465-6F46-40C8-8320-7BE1347E7D9D}"
EndProject
Global
	GlobalSection(SolutionConfigurationPlatforms) = preSolution
		Debug|Any CPU = Debug|Any CPU
		Release|Any CPU = Release|Any CPU
	EndGlobalSection
	GlobalSection(ProjectConfigurationPlatforms) = postSolution
		{843C3465-6F46-40C8-8320-7BE1347E7D9D}.Debug|Any CPU.ActiveCfg = Debug|Any CPU
		{843C3465-6F46-40C8-8320-7BE1347E7D9D}.Debug|Any CPU.Build.0 = Debug|Any CPU
		{843C3465-6F46-40C8-8320-7BE1347E7D9D}.Release|Any CPU.ActiveCfg = Release|Any CPU
		{843C3465-6F46-40C8-8320-7BE1347E7D9D}.Release|Any CPU.Build.0 = Release|Any CPU
	EndGlobalSection
	GlobalSection(SolutionProperties) = preSolution
		HideSolutionNode = FALSE
	EndGlobalSection
	GlobalSection(ExtensibilityGlobals) = postSolution
		SolutionGuid = {2ABFB62D-3AC3-4BB9-94C9-B9A7AD2454A6}
	EndGlobalSection
EndGlobal
